// !$*UTF8*$!
{
	archiveVersion = 1;
	classes = {
	};
	objectVersion = 56;
	objects = {

/* Begin PBXBuildFile section */
		6155EE132A6692090014330D /* DaumMap.framework in Frameworks */ = {isa = PBXBuildFile; fileRef = 6155EE122A6692090014330D /* DaumMap.framework */; };
		6155EE3D2A66CEB90014330D /* map_pinup_custom@3x.png in Resources */ = {isa = PBXBuildFile; fileRef = 6155EE182A66CEB90014330D /* map_pinup_custom@3x.png */; };
		6155EE3E2A66CEB90014330D /* map_pin_custom.png in Resources */ = {isa = PBXBuildFile; fileRef = 6155EE192A66CEB90014330D /* map_pin_custom.png */; };
		6155EE3F2A66CEB90014330D /* shadow_balloon.png in Resources */ = {isa = PBXBuildFile; fileRef = 6155EE1A2A66CEB90014330D /* shadow_balloon.png */; };
		6155EE402A66CEB90014330D /* map_pinup.png in Resources */ = {isa = PBXBuildFile; fileRef = 6155EE1B2A66CEB90014330D /* map_pinup.png */; };
		6155EE412A66CEB90014330D /* detail_button.png in Resources */ = {isa = PBXBuildFile; fileRef = 6155EE1C2A66CEB90014330D /* detail_button.png */; };
		6155EE422A66CEB90014330D /* map_pin_custom@3x.png in Resources */ = {isa = PBXBuildFile; fileRef = 6155EE1D2A66CEB90014330D /* map_pin_custom@3x.png */; };
		6155EE432A66CEB90014330D /* map_pinup@3x.png in Resources */ = {isa = PBXBuildFile; fileRef = 6155EE1E2A66CEB90014330D /* map_pinup@3x.png */; };
		6155EE442A66CEB90014330D /* map_pin_shadow@3x.png in Resources */ = {isa = PBXBuildFile; fileRef = 6155EE1F2A66CEB90014330D /* map_pin_shadow@3x.png */; };
		6155EE452A66CEB90014330D /* copyright.png in Resources */ = {isa = PBXBuildFile; fileRef = 6155EE202A66CEB90014330D /* copyright.png */; };
		6155EE462A66CEB90014330D /* th_line.png in Resources */ = {isa = PBXBuildFile; fileRef = 6155EE212A66CEB90014330D /* th_line.png */; };
		6155EE472A66CEB90014330D /* map_pin_red@3x.png in Resources */ = {isa = PBXBuildFile; fileRef = 6155EE222A66CEB90014330D /* map_pin_red@3x.png */; };
		6155EE482A66CEB90014330D /* daum_copyright.png in Resources */ = {isa = PBXBuildFile; fileRef = 6155EE232A66CEB90014330D /* daum_copyright.png */; };
		6155EE492A66CEB90014330D /* map_pin@3x.png in Resources */ = {isa = PBXBuildFile; fileRef = 6155EE242A66CEB90014330D /* map_pin@3x.png */; };
		6155EE4A2A66CEB90014330D /* map_present_tracking.png in Resources */ = {isa = PBXBuildFile; fileRef = 6155EE252A66CEB90014330D /* map_present_tracking.png */; };
		6155EE4B2A66CEB90014330D /* map_pin_red.png in Resources */ = {isa = PBXBuildFile; fileRef = 6155EE262A66CEB90014330D /* map_pin_red.png */; };
		6155EE4C2A66CEB90014330D /* info_box.png in Resources */ = {isa = PBXBuildFile; fileRef = 6155EE302A66CEB90014330D /* info_box.png */; };
		6155EE4D2A66CEB90014330D /* point_sprite.png in Resources */ = {isa = PBXBuildFile; fileRef = 6155EE312A66CEB90014330D /* point_sprite.png */; };
		6155EE4E2A66CEB90014330D /* map_pinup_custom.png in Resources */ = {isa = PBXBuildFile; fileRef = 6155EE322A66CEB90014330D /* map_pinup_custom.png */; };
		6155EE4F2A66CEB90014330D /* info_box_tail.png in Resources */ = {isa = PBXBuildFile; fileRef = 6155EE332A66CEB90014330D /* info_box_tail.png */; };
		6155EE502A66CEB90014330D /* noimage256.png in Resources */ = {isa = PBXBuildFile; fileRef = 6155EE342A66CEB90014330D /* noimage256.png */; };
		6155EE512A66CEB90014330D /* map_present_direction.png in Resources */ = {isa = PBXBuildFile; fileRef = 6155EE352A66CEB90014330D /* map_present_direction.png */; };
		6155EE522A66CEB90014330D /* map_pin.png in Resources */ = {isa = PBXBuildFile; fileRef = 6155EE362A66CEB90014330D /* map_pin.png */; };
		6155EE532A66CEB90014330D /* map_present.png in Resources */ = {isa = PBXBuildFile; fileRef = 6155EE372A66CEB90014330D /* map_present.png */; };
		6155EE542A66CEB90014330D /* noimage.png in Resources */ = {isa = PBXBuildFile; fileRef = 6155EE382A66CEB90014330D /* noimage.png */; };
		6155EE552A66CEB90014330D /* map_present_background_update.png in Resources */ = {isa = PBXBuildFile; fileRef = 6155EE392A66CEB90014330D /* map_present_background_update.png */; };
		6155EE562A66CEB90014330D /* daum_th_line.png in Resources */ = {isa = PBXBuildFile; fileRef = 6155EE3A2A66CEB90014330D /* daum_th_line.png */; };
		6155EE572A66CEB90014330D /* map_pin_shadow.png in Resources */ = {isa = PBXBuildFile; fileRef = 6155EE3B2A66CEB90014330D /* map_pin_shadow.png */; };
		6155EE582A66CEB90014330D /* DaumMap.framework in Frameworks */ = {isa = PBXBuildFile; fileRef = 6155EE3C2A66CEB90014330D /* DaumMap.framework */; };
		6176B4D52A67D5B4002F0CE7 /* ViewController2.swift in Sources */ = {isa = PBXBuildFile; fileRef = 6176B4D42A67D5B4002F0CE7 /* ViewController2.swift */; };
		61C845562A6576FF00139C15 /* AppDelegate.swift in Sources */ = {isa = PBXBuildFile; fileRef = 61C845552A6576FF00139C15 /* AppDelegate.swift */; };
		61C845582A6576FF00139C15 /* SceneDelegate.swift in Sources */ = {isa = PBXBuildFile; fileRef = 61C845572A6576FF00139C15 /* SceneDelegate.swift */; };
		61C8455A2A6576FF00139C15 /* ViewController.swift in Sources */ = {isa = PBXBuildFile; fileRef = 61C845592A6576FF00139C15 /* ViewController.swift */; };
		61C8455D2A6576FF00139C15 /* Main.storyboard in Resources */ = {isa = PBXBuildFile; fileRef = 61C8455B2A6576FF00139C15 /* Main.storyboard */; };
		61C8455F2A65770000139C15 /* Assets.xcassets in Resources */ = {isa = PBXBuildFile; fileRef = 61C8455E2A65770000139C15 /* Assets.xcassets */; };
		61C845622A65770000139C15 /* LaunchScreen.storyboard in Resources */ = {isa = PBXBuildFile; fileRef = 61C845602A65770000139C15 /* LaunchScreen.storyboard */; };
		61C8456F2A657E1700139C15 /* SystemConfiguration.framework in Frameworks */ = {isa = PBXBuildFile; fileRef = 61C8456E2A657E1700139C15 /* SystemConfiguration.framework */; };
		61C845712A657E2A00139C15 /* CoreLocation.framework in Frameworks */ = {isa = PBXBuildFile; fileRef = 61C845702A657E2A00139C15 /* CoreLocation.framework */; };
		61C845732A657E3B00139C15 /* QuartzCore.framework in Frameworks */ = {isa = PBXBuildFile; fileRef = 61C845722A657E3B00139C15 /* QuartzCore.framework */; };
		61C845762A657E7100139C15 /* libxml2.tbd in Frameworks */ = {isa = PBXBuildFile; fileRef = 61C845752A657E6100139C15 /* libxml2.tbd */; };
		61C845772A657E7800139C15 /* libc++.tbd in Frameworks */ = {isa = PBXBuildFile; fileRef = 61C845742A657E5300139C15 /* libc++.tbd */; };
		61C845792A657E9000139C15 /* libsqlite3.tbd in Frameworks */ = {isa = PBXBuildFile; fileRef = 61C845782A657E8800139C15 /* libsqlite3.tbd */; };
		61C8457B2A657EF900139C15 /* Metal.framework in Frameworks */ = {isa = PBXBuildFile; fileRef = 61C8457A2A657EF900139C15 /* Metal.framework */; };
/* End PBXBuildFile section */

/* Begin PBXFileReference section */
		6155EE0B2A6690110014330D /* Header.h */ = {isa = PBXFileReference; lastKnownFileType = sourcecode.c.h; path = Header.h; sourceTree = "<group>"; };
		6155EE122A6692090014330D /* DaumMap.framework */ = {isa = PBXFileReference; lastKnownFileType = wrapper.framework; name = DaumMap.framework; path = DaumMap.embeddedframework/DaumMap.framework; sourceTree = "<group>"; };
		6155EE182A66CEB90014330D /* map_pinup_custom@3x.png */ = {isa = PBXFileReference; lastKnownFileType = image.png; path = "map_pinup_custom@3x.png"; sourceTree = "<group>"; };
		6155EE192A66CEB90014330D /* map_pin_custom.png */ = {isa = PBXFileReference; lastKnownFileType = image.png; path = map_pin_custom.png; sourceTree = "<group>"; };
		6155EE1A2A66CEB90014330D /* shadow_balloon.png */ = {isa = PBXFileReference; lastKnownFileType = image.png; path = shadow_balloon.png; sourceTree = "<group>"; };
		6155EE1B2A66CEB90014330D /* map_pinup.png */ = {isa = PBXFileReference; lastKnownFileType = image.png; path = map_pinup.png; sourceTree = "<group>"; };
		6155EE1C2A66CEB90014330D /* detail_button.png */ = {isa = PBXFileReference; lastKnownFileType = image.png; path = detail_button.png; sourceTree = "<group>"; };
		6155EE1D2A66CEB90014330D /* map_pin_custom@3x.png */ = {isa = PBXFileReference; lastKnownFileType = image.png; path = "map_pin_custom@3x.png"; sourceTree = "<group>"; };
		6155EE1E2A66CEB90014330D /* map_pinup@3x.png */ = {isa = PBXFileReference; lastKnownFileType = image.png; path = "map_pinup@3x.png"; sourceTree = "<group>"; };
		6155EE1F2A66CEB90014330D /* map_pin_shadow@3x.png */ = {isa = PBXFileReference; lastKnownFileType = image.png; path = "map_pin_shadow@3x.png"; sourceTree = "<group>"; };
		6155EE202A66CEB90014330D /* copyright.png */ = {isa = PBXFileReference; lastKnownFileType = image.png; path = copyright.png; sourceTree = "<group>"; };
		6155EE212A66CEB90014330D /* th_line.png */ = {isa = PBXFileReference; lastKnownFileType = image.png; path = th_line.png; sourceTree = "<group>"; };
		6155EE222A66CEB90014330D /* map_pin_red@3x.png */ = {isa = PBXFileReference; lastKnownFileType = image.png; path = "map_pin_red@3x.png"; sourceTree = "<group>"; };
		6155EE232A66CEB90014330D /* daum_copyright.png */ = {isa = PBXFileReference; lastKnownFileType = image.png; path = daum_copyright.png; sourceTree = "<group>"; };
		6155EE242A66CEB90014330D /* map_pin@3x.png */ = {isa = PBXFileReference; lastKnownFileType = image.png; path = "map_pin@3x.png"; sourceTree = "<group>"; };
		6155EE252A66CEB90014330D /* map_present_tracking.png */ = {isa = PBXFileReference; lastKnownFileType = image.png; path = map_present_tracking.png; sourceTree = "<group>"; };
		6155EE262A66CEB90014330D /* map_pin_red.png */ = {isa = PBXFileReference; lastKnownFileType = image.png; path = map_pin_red.png; sourceTree = "<group>"; };
		6155EE282A66CEB90014330D /* MTMapPOIItem.h */ = {isa = PBXFileReference; fileEncoding = 4; lastKnownFileType = sourcecode.c.h; path = MTMapPOIItem.h; sourceTree = "<group>"; };
		6155EE292A66CEB90014330D /* MTMapCameraUpdate.h */ = {isa = PBXFileReference; fileEncoding = 4; lastKnownFileType = sourcecode.c.h; path = MTMapCameraUpdate.h; sourceTree = "<group>"; };
		6155EE2A2A66CEB90014330D /* MTMapReverseGeoCoder.h */ = {isa = PBXFileReference; fileEncoding = 4; lastKnownFileType = sourcecode.c.h; path = MTMapReverseGeoCoder.h; sourceTree = "<group>"; };
		6155EE2B2A66CEB90014330D /* MTMapPolyline.h */ = {isa = PBXFileReference; fileEncoding = 4; lastKnownFileType = sourcecode.c.h; path = MTMapPolyline.h; sourceTree = "<group>"; };
		6155EE2C2A66CEB90014330D /* MTMapLocationMarkerItem.h */ = {isa = PBXFileReference; fileEncoding = 4; lastKnownFileType = sourcecode.c.h; path = MTMapLocationMarkerItem.h; sourceTree = "<group>"; };
		6155EE2D2A66CEB90014330D /* MTMapView.h */ = {isa = PBXFileReference; fileEncoding = 4; lastKnownFileType = sourcecode.c.h; path = MTMapView.h; sourceTree = "<group>"; };
		6155EE2E2A66CEB90014330D /* MTMapGeometry.h */ = {isa = PBXFileReference; fileEncoding = 4; lastKnownFileType = sourcecode.c.h; path = MTMapGeometry.h; sourceTree = "<group>"; };
		6155EE2F2A66CEB90014330D /* MTMapCircle.h */ = {isa = PBXFileReference; fileEncoding = 4; lastKnownFileType = sourcecode.c.h; path = MTMapCircle.h; sourceTree = "<group>"; };
		6155EE302A66CEB90014330D /* info_box.png */ = {isa = PBXFileReference; lastKnownFileType = image.png; path = info_box.png; sourceTree = "<group>"; };
		6155EE312A66CEB90014330D /* point_sprite.png */ = {isa = PBXFileReference; lastKnownFileType = image.png; path = point_sprite.png; sourceTree = "<group>"; };
		6155EE322A66CEB90014330D /* map_pinup_custom.png */ = {isa = PBXFileReference; lastKnownFileType = image.png; path = map_pinup_custom.png; sourceTree = "<group>"; };
		6155EE332A66CEB90014330D /* info_box_tail.png */ = {isa = PBXFileReference; lastKnownFileType = image.png; path = info_box_tail.png; sourceTree = "<group>"; };
		6155EE342A66CEB90014330D /* noimage256.png */ = {isa = PBXFileReference; lastKnownFileType = image.png; path = noimage256.png; sourceTree = "<group>"; };
		6155EE352A66CEB90014330D /* map_present_direction.png */ = {isa = PBXFileReference; lastKnownFileType = image.png; path = map_present_direction.png; sourceTree = "<group>"; };
		6155EE362A66CEB90014330D /* map_pin.png */ = {isa = PBXFileReference; lastKnownFileType = image.png; path = map_pin.png; sourceTree = "<group>"; };
		6155EE372A66CEB90014330D /* map_present.png */ = {isa = PBXFileReference; lastKnownFileType = image.png; path = map_present.png; sourceTree = "<group>"; };
		6155EE382A66CEB90014330D /* noimage.png */ = {isa = PBXFileReference; lastKnownFileType = image.png; path = noimage.png; sourceTree = "<group>"; };
		6155EE392A66CEB90014330D /* map_present_background_update.png */ = {isa = PBXFileReference; lastKnownFileType = image.png; path = map_present_background_update.png; sourceTree = "<group>"; };
		6155EE3A2A66CEB90014330D /* daum_th_line.png */ = {isa = PBXFileReference; lastKnownFileType = image.png; path = daum_th_line.png; sourceTree = "<group>"; };
		6155EE3B2A66CEB90014330D /* map_pin_shadow.png */ = {isa = PBXFileReference; lastKnownFileType = image.png; path = map_pin_shadow.png; sourceTree = "<group>"; };
		6155EE3C2A66CEB90014330D /* DaumMap.framework */ = {isa = PBXFileReference; lastKnownFileType = wrapper.framework; path = DaumMap.framework; sourceTree = "<group>"; };
		6176B4D42A67D5B4002F0CE7 /* ViewController2.swift */ = {isa = PBXFileReference; lastKnownFileType = sourcecode.swift; path = ViewController2.swift; sourceTree = "<group>"; };
		61C845522A6576FF00139C15 /* KakaoMap.app */ = {isa = PBXFileReference; explicitFileType = wrapper.application; includeInIndex = 0; path = KakaoMap.app; sourceTree = BUILT_PRODUCTS_DIR; };
		61C845552A6576FF00139C15 /* AppDelegate.swift */ = {isa = PBXFileReference; lastKnownFileType = sourcecode.swift; path = AppDelegate.swift; sourceTree = "<group>"; };
		61C845572A6576FF00139C15 /* SceneDelegate.swift */ = {isa = PBXFileReference; lastKnownFileType = sourcecode.swift; path = SceneDelegate.swift; sourceTree = "<group>"; };
		61C845592A6576FF00139C15 /* ViewController.swift */ = {isa = PBXFileReference; lastKnownFileType = sourcecode.swift; path = ViewController.swift; sourceTree = "<group>"; };
		61C8455C2A6576FF00139C15 /* Base */ = {isa = PBXFileReference; lastKnownFileType = file.storyboard; name = Base; path = Base.lproj/Main.storyboard; sourceTree = "<group>"; };
		61C8455E2A65770000139C15 /* Assets.xcassets */ = {isa = PBXFileReference; lastKnownFileType = folder.assetcatalog; path = Assets.xcassets; sourceTree = "<group>"; };
		61C845612A65770000139C15 /* Base */ = {isa = PBXFileReference; lastKnownFileType = file.storyboard; name = Base; path = Base.lproj/LaunchScreen.storyboard; sourceTree = "<group>"; };
		61C845632A65770000139C15 /* Info.plist */ = {isa = PBXFileReference; lastKnownFileType = text.plist.xml; path = Info.plist; sourceTree = "<group>"; };
		61C8456E2A657E1700139C15 /* SystemConfiguration.framework */ = {isa = PBXFileReference; lastKnownFileType = wrapper.framework; name = SystemConfiguration.framework; path = System/Library/Frameworks/SystemConfiguration.framework; sourceTree = SDKROOT; };
		61C845702A657E2A00139C15 /* CoreLocation.framework */ = {isa = PBXFileReference; lastKnownFileType = wrapper.framework; name = CoreLocation.framework; path = System/Library/Frameworks/CoreLocation.framework; sourceTree = SDKROOT; };
		61C845722A657E3B00139C15 /* QuartzCore.framework */ = {isa = PBXFileReference; lastKnownFileType = wrapper.framework; name = QuartzCore.framework; path = System/Library/Frameworks/QuartzCore.framework; sourceTree = SDKROOT; };
		61C845742A657E5300139C15 /* libc++.tbd */ = {isa = PBXFileReference; lastKnownFileType = "sourcecode.text-based-dylib-definition"; name = "libc++.tbd"; path = "usr/lib/libc++.tbd"; sourceTree = SDKROOT; };
		61C845752A657E6100139C15 /* libxml2.tbd */ = {isa = PBXFileReference; lastKnownFileType = "sourcecode.text-based-dylib-definition"; name = libxml2.tbd; path = usr/lib/libxml2.tbd; sourceTree = SDKROOT; };
		61C845782A657E8800139C15 /* libsqlite3.tbd */ = {isa = PBXFileReference; lastKnownFileType = "sourcecode.text-based-dylib-definition"; name = libsqlite3.tbd; path = usr/lib/libsqlite3.tbd; sourceTree = SDKROOT; };
		61C8457A2A657EF900139C15 /* Metal.framework */ = {isa = PBXFileReference; lastKnownFileType = wrapper.framework; name = Metal.framework; path = System/Library/Frameworks/Metal.framework; sourceTree = SDKROOT; };
/* End PBXFileReference section */

/* Begin PBXFrameworksBuildPhase section */
		61C8454F2A6576FF00139C15 /* Frameworks */ = {
			isa = PBXFrameworksBuildPhase;
			buildActionMask = 2147483647;
			files = (
				61C845772A657E7800139C15 /* libc++.tbd in Frameworks */,
				61C845762A657E7100139C15 /* libxml2.tbd in Frameworks */,
				6155EE132A6692090014330D /* DaumMap.framework in Frameworks */,
				61C845792A657E9000139C15 /* libsqlite3.tbd in Frameworks */,
				61C845732A657E3B00139C15 /* QuartzCore.framework in Frameworks */,
				61C845712A657E2A00139C15 /* CoreLocation.framework in Frameworks */,
				61C8456F2A657E1700139C15 /* SystemConfiguration.framework in Frameworks */,
				6155EE582A66CEB90014330D /* DaumMap.framework in Frameworks */,
				61C8457B2A657EF900139C15 /* Metal.framework in Frameworks */,
			);
			runOnlyForDeploymentPostprocessing = 0;
		};
/* End PBXFrameworksBuildPhase section */

/* Begin PBXGroup section */
		6155EE162A66CEB90014330D /* DaumMap.embeddedframework */ = {
			isa = PBXGroup;
			children = (
				6155EE172A66CEB90014330D /* Resources */,
				6155EE3C2A66CEB90014330D /* DaumMap.framework */,
			);
			path = DaumMap.embeddedframework;
			sourceTree = "<group>";
		};
		6155EE172A66CEB90014330D /* Resources */ = {
			isa = PBXGroup;
			children = (
				6155EE182A66CEB90014330D /* map_pinup_custom@3x.png */,
				6155EE192A66CEB90014330D /* map_pin_custom.png */,
				6155EE1A2A66CEB90014330D /* shadow_balloon.png */,
				6155EE1B2A66CEB90014330D /* map_pinup.png */,
				6155EE1C2A66CEB90014330D /* detail_button.png */,
				6155EE1D2A66CEB90014330D /* map_pin_custom@3x.png */,
				6155EE1E2A66CEB90014330D /* map_pinup@3x.png */,
				6155EE1F2A66CEB90014330D /* map_pin_shadow@3x.png */,
				6155EE202A66CEB90014330D /* copyright.png */,
				6155EE212A66CEB90014330D /* th_line.png */,
				6155EE222A66CEB90014330D /* map_pin_red@3x.png */,
				6155EE232A66CEB90014330D /* daum_copyright.png */,
				6155EE242A66CEB90014330D /* map_pin@3x.png */,
				6155EE252A66CEB90014330D /* map_present_tracking.png */,
				6155EE262A66CEB90014330D /* map_pin_red.png */,
				6155EE272A66CEB90014330D /* Headers */,
				6155EE302A66CEB90014330D /* info_box.png */,
				6155EE312A66CEB90014330D /* point_sprite.png */,
				6155EE322A66CEB90014330D /* map_pinup_custom.png */,
				6155EE332A66CEB90014330D /* info_box_tail.png */,
				6155EE342A66CEB90014330D /* noimage256.png */,
				6155EE352A66CEB90014330D /* map_present_direction.png */,
				6155EE362A66CEB90014330D /* map_pin.png */,
				6155EE372A66CEB90014330D /* map_present.png */,
				6155EE382A66CEB90014330D /* noimage.png */,
				6155EE392A66CEB90014330D /* map_present_background_update.png */,
				6155EE3A2A66CEB90014330D /* daum_th_line.png */,
				6155EE3B2A66CEB90014330D /* map_pin_shadow.png */,
			);
			path = Resources;
			sourceTree = "<group>";
		};
		6155EE272A66CEB90014330D /* Headers */ = {
			isa = PBXGroup;
			children = (
				6155EE282A66CEB90014330D /* MTMapPOIItem.h */,
				6155EE292A66CEB90014330D /* MTMapCameraUpdate.h */,
				6155EE2A2A66CEB90014330D /* MTMapReverseGeoCoder.h */,
				6155EE2B2A66CEB90014330D /* MTMapPolyline.h */,
				6155EE2C2A66CEB90014330D /* MTMapLocationMarkerItem.h */,
				6155EE2D2A66CEB90014330D /* MTMapView.h */,
				6155EE2E2A66CEB90014330D /* MTMapGeometry.h */,
				6155EE2F2A66CEB90014330D /* MTMapCircle.h */,
			);
			path = Headers;
			sourceTree = "<group>";
		};
		61C845492A6576FF00139C15 = {
			isa = PBXGroup;
			children = (
				6176B4D42A67D5B4002F0CE7 /* ViewController2.swift */,
				6155EE162A66CEB90014330D /* DaumMap.embeddedframework */,
				61C845542A6576FF00139C15 /* KakaoMap */,
				61C845532A6576FF00139C15 /* Products */,
				61C8456B2A657BAC00139C15 /* Frameworks */,
			);
			sourceTree = "<group>";
		};
		61C845532A6576FF00139C15 /* Products */ = {
			isa = PBXGroup;
			children = (
				61C845522A6576FF00139C15 /* KakaoMap.app */,
			);
			name = Products;
			sourceTree = "<group>";
		};
		61C845542A6576FF00139C15 /* KakaoMap */ = {
			isa = PBXGroup;
			children = (
				61C845552A6576FF00139C15 /* AppDelegate.swift */,
				61C845572A6576FF00139C15 /* SceneDelegate.swift */,
				61C845592A6576FF00139C15 /* ViewController.swift */,
				61C8455B2A6576FF00139C15 /* Main.storyboard */,
				61C8455E2A65770000139C15 /* Assets.xcassets */,
				61C845602A65770000139C15 /* LaunchScreen.storyboard */,
				61C845632A65770000139C15 /* Info.plist */,
				6155EE0B2A6690110014330D /* Header.h */,
			);
			path = KakaoMap;
			sourceTree = "<group>";
		};
		61C8456B2A657BAC00139C15 /* Frameworks */ = {
			isa = PBXGroup;
			children = (
				6155EE122A6692090014330D /* DaumMap.framework */,
				61C8457A2A657EF900139C15 /* Metal.framework */,
				61C845782A657E8800139C15 /* libsqlite3.tbd */,
				61C845752A657E6100139C15 /* libxml2.tbd */,
				61C845742A657E5300139C15 /* libc++.tbd */,
				61C845722A657E3B00139C15 /* QuartzCore.framework */,
				61C845702A657E2A00139C15 /* CoreLocation.framework */,
				61C8456E2A657E1700139C15 /* SystemConfiguration.framework */,
			);
			name = Frameworks;
			sourceTree = "<group>";
		};
/* End PBXGroup section */

/* Begin PBXNativeTarget section */
		61C845512A6576FF00139C15 /* KakaoMap */ = {
			isa = PBXNativeTarget;
			buildConfigurationList = 61C845662A65770000139C15 /* Build configuration list for PBXNativeTarget "KakaoMap" */;
			buildPhases = (
				61C8454E2A6576FF00139C15 /* Sources */,
				61C8454F2A6576FF00139C15 /* Frameworks */,
				61C845502A6576FF00139C15 /* Resources */,
			);
			buildRules = (
			);
			dependencies = (
			);
			name = KakaoMap;
			productName = KakaoMap;
			productReference = 61C845522A6576FF00139C15 /* KakaoMap.app */;
			productType = "com.apple.product-type.application";
		};
/* End PBXNativeTarget section */

/* Begin PBXProject section */
		61C8454A2A6576FF00139C15 /* Project object */ = {
			isa = PBXProject;
			attributes = {
				BuildIndependentTargetsInParallel = 1;
				LastSwiftUpdateCheck = 1420;
				LastUpgradeCheck = 1420;
				TargetAttributes = {
					61C845512A6576FF00139C15 = {
						CreatedOnToolsVersion = 14.2;
					};
				};
			};
			buildConfigurationList = 61C8454D2A6576FF00139C15 /* Build configuration list for PBXProject "KakaoMap" */;
			compatibilityVersion = "Xcode 14.0";
			developmentRegion = en;
			hasScannedForEncodings = 0;
			knownRegions = (
				en,
				Base,
			);
			mainGroup = 61C845492A6576FF00139C15;
			productRefGroup = 61C845532A6576FF00139C15 /* Products */;
			projectDirPath = "";
			projectRoot = "";
			targets = (
				61C845512A6576FF00139C15 /* KakaoMap */,
			);
		};
/* End PBXProject section */

/* Begin PBXResourcesBuildPhase section */
		61C845502A6576FF00139C15 /* Resources */ = {
			isa = PBXResourcesBuildPhase;
			buildActionMask = 2147483647;
			files = (
				6155EE532A66CEB90014330D /* map_present.png in Resources */,
				6155EE492A66CEB90014330D /* map_pin@3x.png in Resources */,
				6155EE472A66CEB90014330D /* map_pin_red@3x.png in Resources */,
				6155EE522A66CEB90014330D /* map_pin.png in Resources */,
				6155EE4B2A66CEB90014330D /* map_pin_red.png in Resources */,
				6155EE3D2A66CEB90014330D /* map_pinup_custom@3x.png in Resources */,
				6155EE452A66CEB90014330D /* copyright.png in Resources */,
				6155EE442A66CEB90014330D /* map_pin_shadow@3x.png in Resources */,
				61C845622A65770000139C15 /* LaunchScreen.storyboard in Resources */,
				6155EE482A66CEB90014330D /* daum_copyright.png in Resources */,
				6155EE4C2A66CEB90014330D /* info_box.png in Resources */,
				6155EE422A66CEB90014330D /* map_pin_custom@3x.png in Resources */,
				6155EE572A66CEB90014330D /* map_pin_shadow.png in Resources */,
				6155EE4A2A66CEB90014330D /* map_present_tracking.png in Resources */,
				6155EE412A66CEB90014330D /* detail_button.png in Resources */,
				6155EE542A66CEB90014330D /* noimage.png in Resources */,
				6155EE462A66CEB90014330D /* th_line.png in Resources */,
				6155EE4F2A66CEB90014330D /* info_box_tail.png in Resources */,
				6155EE3E2A66CEB90014330D /* map_pin_custom.png in Resources */,
				6155EE4E2A66CEB90014330D /* map_pinup_custom.png in Resources */,
				6155EE432A66CEB90014330D /* map_pinup@3x.png in Resources */,
				6155EE4D2A66CEB90014330D /* point_sprite.png in Resources */,
				6155EE552A66CEB90014330D /* map_present_background_update.png in Resources */,
				6155EE512A66CEB90014330D /* map_present_direction.png in Resources */,
				6155EE502A66CEB90014330D /* noimage256.png in Resources */,
				6155EE3F2A66CEB90014330D /* shadow_balloon.png in Resources */,
				61C8455F2A65770000139C15 /* Assets.xcassets in Resources */,
				61C8455D2A6576FF00139C15 /* Main.storyboard in Resources */,
				6155EE562A66CEB90014330D /* daum_th_line.png in Resources */,
				6155EE402A66CEB90014330D /* map_pinup.png in Resources */,
			);
			runOnlyForDeploymentPostprocessing = 0;
		};
/* End PBXResourcesBuildPhase section */

/* Begin PBXSourcesBuildPhase section */
		61C8454E2A6576FF00139C15 /* Sources */ = {
			isa = PBXSourcesBuildPhase;
			buildActionMask = 2147483647;
			files = (
				61C8455A2A6576FF00139C15 /* ViewController.swift in Sources */,
				6176B4D52A67D5B4002F0CE7 /* ViewController2.swift in Sources */,
				61C845562A6576FF00139C15 /* AppDelegate.swift in Sources */,
				61C845582A6576FF00139C15 /* SceneDelegate.swift in Sources */,
			);
			runOnlyForDeploymentPostprocessing = 0;
		};
/* End PBXSourcesBuildPhase section */

/* Begin PBXVariantGroup section */
		61C8455B2A6576FF00139C15 /* Main.storyboard */ = {
			isa = PBXVariantGroup;
			children = (
				61C8455C2A6576FF00139C15 /* Base */,
			);
			name = Main.storyboard;
			sourceTree = "<group>";
		};
		61C845602A65770000139C15 /* LaunchScreen.storyboard */ = {
			isa = PBXVariantGroup;
			children = (
				61C845612A65770000139C15 /* Base */,
			);
			name = LaunchScreen.storyboard;
			sourceTree = "<group>";
		};
/* End PBXVariantGroup section */

/* Begin XCBuildConfiguration section */
		61C845642A65770000139C15 /* Debug */ = {
			isa = XCBuildConfiguration;
			buildSettings = {
				ALWAYS_SEARCH_USER_PATHS = NO;
				CLANG_ANALYZER_NONNULL = YES;
				CLANG_ANALYZER_NUMBER_OBJECT_CONVERSION = YES_AGGRESSIVE;
				CLANG_CXX_LANGUAGE_STANDARD = "gnu++20";
				CLANG_ENABLE_MODULES = YES;
				CLANG_ENABLE_OBJC_ARC = YES;
				CLANG_ENABLE_OBJC_WEAK = YES;
				CLANG_WARN_BLOCK_CAPTURE_AUTORELEASING = YES;
				CLANG_WARN_BOOL_CONVERSION = YES;
				CLANG_WARN_COMMA = YES;
				CLANG_WARN_CONSTANT_CONVERSION = YES;
				CLANG_WARN_DEPRECATED_OBJC_IMPLEMENTATIONS = YES;
				CLANG_WARN_DIRECT_OBJC_ISA_USAGE = YES_ERROR;
				CLANG_WARN_DOCUMENTATION_COMMENTS = YES;
				CLANG_WARN_EMPTY_BODY = YES;
				CLANG_WARN_ENUM_CONVERSION = YES;
				CLANG_WARN_INFINITE_RECURSION = YES;
				CLANG_WARN_INT_CONVERSION = YES;
				CLANG_WARN_NON_LITERAL_NULL_CONVERSION = YES;
				CLANG_WARN_OBJC_IMPLICIT_RETAIN_SELF = YES;
				CLANG_WARN_OBJC_LITERAL_CONVERSION = YES;
				CLANG_WARN_OBJC_ROOT_CLASS = YES_ERROR;
				CLANG_WARN_QUOTED_INCLUDE_IN_FRAMEWORK_HEADER = YES;
				CLANG_WARN_RANGE_LOOP_ANALYSIS = YES;
				CLANG_WARN_STRICT_PROTOTYPES = YES;
				CLANG_WARN_SUSPICIOUS_MOVE = YES;
				CLANG_WARN_UNGUARDED_AVAILABILITY = YES_AGGRESSIVE;
				CLANG_WARN_UNREACHABLE_CODE = YES;
				CLANG_WARN__DUPLICATE_METHOD_MATCH = YES;
				COPY_PHASE_STRIP = NO;
				DEBUG_INFORMATION_FORMAT = dwarf;
				ENABLE_STRICT_OBJC_MSGSEND = YES;
				ENABLE_TESTABILITY = YES;
				GCC_C_LANGUAGE_STANDARD = gnu11;
				GCC_DYNAMIC_NO_PIC = NO;
				GCC_NO_COMMON_BLOCKS = YES;
				GCC_OPTIMIZATION_LEVEL = 0;
				GCC_PREPROCESSOR_DEFINITIONS = (
					"DEBUG=1",
					"$(inherited)",
				);
				GCC_WARN_64_TO_32_BIT_CONVERSION = YES;
				GCC_WARN_ABOUT_RETURN_TYPE = YES_ERROR;
				GCC_WARN_UNDECLARED_SELECTOR = YES;
				GCC_WARN_UNINITIALIZED_AUTOS = YES_AGGRESSIVE;
				GCC_WARN_UNUSED_FUNCTION = YES;
				GCC_WARN_UNUSED_VARIABLE = YES;
				IPHONEOS_DEPLOYMENT_TARGET = 16.2;
				MTL_ENABLE_DEBUG_INFO = INCLUDE_SOURCE;
				MTL_FAST_MATH = YES;
				ONLY_ACTIVE_ARCH = YES;
				SDKROOT = iphoneos;
				SWIFT_ACTIVE_COMPILATION_CONDITIONS = DEBUG;
				SWIFT_OPTIMIZATION_LEVEL = "-Onone";
			};
			name = Debug;
		};
		61C845652A65770000139C15 /* Release */ = {
			isa = XCBuildConfiguration;
			buildSettings = {
				ALWAYS_SEARCH_USER_PATHS = NO;
				CLANG_ANALYZER_NONNULL = YES;
				CLANG_ANALYZER_NUMBER_OBJECT_CONVERSION = YES_AGGRESSIVE;
				CLANG_CXX_LANGUAGE_STANDARD = "gnu++20";
				CLANG_ENABLE_MODULES = YES;
				CLANG_ENABLE_OBJC_ARC = YES;
				CLANG_ENABLE_OBJC_WEAK = YES;
				CLANG_WARN_BLOCK_CAPTURE_AUTORELEASING = YES;
				CLANG_WARN_BOOL_CONVERSION = YES;
				CLANG_WARN_COMMA = YES;
				CLANG_WARN_CONSTANT_CONVERSION = YES;
				CLANG_WARN_DEPRECATED_OBJC_IMPLEMENTATIONS = YES;
				CLANG_WARN_DIRECT_OBJC_ISA_USAGE = YES_ERROR;
				CLANG_WARN_DOCUMENTATION_COMMENTS = YES;
				CLANG_WARN_EMPTY_BODY = YES;
				CLANG_WARN_ENUM_CONVERSION = YES;
				CLANG_WARN_INFINITE_RECURSION = YES;
				CLANG_WARN_INT_CONVERSION = YES;
				CLANG_WARN_NON_LITERAL_NULL_CONVERSION = YES;
				CLANG_WARN_OBJC_IMPLICIT_RETAIN_SELF = YES;
				CLANG_WARN_OBJC_LITERAL_CONVERSION = YES;
				CLANG_WARN_OBJC_ROOT_CLASS = YES_ERROR;
				CLANG_WARN_QUOTED_INCLUDE_IN_FRAMEWORK_HEADER = YES;
				CLANG_WARN_RANGE_LOOP_ANALYSIS = YES;
				CLANG_WARN_STRICT_PROTOTYPES = YES;
				CLANG_WARN_SUSPICIOUS_MOVE = YES;
				CLANG_WARN_UNGUARDED_AVAILABILITY = YES_AGGRESSIVE;
				CLANG_WARN_UNREACHABLE_CODE = YES;
				CLANG_WARN__DUPLICATE_METHOD_MATCH = YES;
				COPY_PHASE_STRIP = NO;
				DEBUG_INFORMATION_FORMAT = "dwarf-with-dsym";
				ENABLE_NS_ASSERTIONS = NO;
				ENABLE_STRICT_OBJC_MSGSEND = YES;
				GCC_C_LANGUAGE_STANDARD = gnu11;
				GCC_NO_COMMON_BLOCKS = YES;
				GCC_WARN_64_TO_32_BIT_CONVERSION = YES;
				GCC_WARN_ABOUT_RETURN_TYPE = YES_ERROR;
				GCC_WARN_UNDECLARED_SELECTOR = YES;
				GCC_WARN_UNINITIALIZED_AUTOS = YES_AGGRESSIVE;
				GCC_WARN_UNUSED_FUNCTION = YES;
				GCC_WARN_UNUSED_VARIABLE = YES;
				IPHONEOS_DEPLOYMENT_TARGET = 16.2;
				MTL_ENABLE_DEBUG_INFO = NO;
				MTL_FAST_MATH = YES;
				SDKROOT = iphoneos;
				SWIFT_COMPILATION_MODE = wholemodule;
				SWIFT_OPTIMIZATION_LEVEL = "-O";
				VALIDATE_PRODUCT = YES;
			};
			name = Release;
		};
		61C845672A65770000139C15 /* Debug */ = {
			isa = XCBuildConfiguration;
			buildSettings = {
				ASSETCATALOG_COMPILER_APPICON_NAME = AppIcon;
				ASSETCATALOG_COMPILER_GLOBAL_ACCENT_COLOR_NAME = AccentColor;
				CLANG_ENABLE_OBJC_ARC = NO;
				CLANG_LINK_OBJC_RUNTIME = YES;
				CODE_SIGN_STYLE = Automatic;
				CURRENT_PROJECT_VERSION = 1;
				DEVELOPMENT_TEAM = 53TT286T39;
				FRAMEWORK_SEARCH_PATHS = (
					"$(inherited)",
					"$(PROJECT_DIR)/DaumMap.embeddedframework",
				);
				GENERATE_INFOPLIST_FILE = YES;
				INFOPLIST_FILE = KakaoMap/Info.plist;
				INFOPLIST_KEY_UIApplicationSupportsIndirectInputEvents = YES;
				INFOPLIST_KEY_UILaunchStoryboardName = LaunchScreen;
				INFOPLIST_KEY_UIMainStoryboardFile = Main;
				INFOPLIST_KEY_UISupportedInterfaceOrientations_iPad = "UIInterfaceOrientationPortrait UIInterfaceOrientationPortraitUpsideDown UIInterfaceOrientationLandscapeLeft UIInterfaceOrientationLandscapeRight";
				INFOPLIST_KEY_UISupportedInterfaceOrientations_iPhone = "UIInterfaceOrientationPortrait UIInterfaceOrientationLandscapeLeft UIInterfaceOrientationLandscapeRight";
				IPHONEOS_DEPLOYMENT_TARGET = 16.4;
				LD_RUNPATH_SEARCH_PATHS = (
					"$(inherited)",
					"@executable_path/Frameworks",
				);
				MARKETING_VERSION = 1.0;
				PRODUCT_BUNDLE_IDENTIFIER = net.macnpc.KakaoMap;
				PRODUCT_NAME = "$(TARGET_NAME)";
				SWIFT_EMIT_LOC_STRINGS = YES;
				SWIFT_OBJC_BRIDGING_HEADER = KakaoMap/Header.h;
				SWIFT_VERSION = 5.0;
				TARGETED_DEVICE_FAMILY = "1,2";
			};
			name = Debug;
		};
		61C845682A65770000139C15 /* Release */ = {
			isa = XCBuildConfiguration;
			buildSettings = {
				ASSETCATALOG_COMPILER_APPICON_NAME = AppIcon;
				ASSETCATALOG_COMPILER_GLOBAL_ACCENT_COLOR_NAME = AccentColor;
				CLANG_ENABLE_OBJC_ARC = NO;
				CLANG_LINK_OBJC_RUNTIME = YES;
				CODE_SIGN_STYLE = Automatic;
				CURRENT_PROJECT_VERSION = 1;
				DEVELOPMENT_TEAM = 53TT286T39;
				FRAMEWORK_SEARCH_PATHS = (
					"$(inherited)",
					"$(PROJECT_DIR)/DaumMap.embeddedframework",
				);
				GENERATE_INFOPLIST_FILE = YES;
				INFOPLIST_FILE = KakaoMap/Info.plist;
				INFOPLIST_KEY_UIApplicationSupportsIndirectInputEvents = YES;
				INFOPLIST_KEY_UILaunchStoryboardName = LaunchScreen;
				INFOPLIST_KEY_UIMainStoryboardFile = Main;
				INFOPLIST_KEY_UISupportedInterfaceOrientations_iPad = "UIInterfaceOrientationPortrait UIInterfaceOrientationPortraitUpsideDown UIInterfaceOrientationLandscapeLeft UIInterfaceOrientationLandscapeRight";
				INFOPLIST_KEY_UISupportedInterfaceOrientations_iPhone = "UIInterfaceOrientationPortrait UIInterfaceOrientationLandscapeLeft UIInterfaceOrientationLandscapeRight";
				IPHONEOS_DEPLOYMENT_TARGET = 16.4;
				LD_RUNPATH_SEARCH_PATHS = (
					"$(inherited)",
					"@executable_path/Frameworks",
				);
				MARKETING_VERSION = 1.0;
				PRODUCT_BUNDLE_IDENTIFIER = net.macnpc.KakaoMap;
				PRODUCT_NAME = "$(TARGET_NAME)";
				SWIFT_EMIT_LOC_STRINGS = YES;
				SWIFT_OBJC_BRIDGING_HEADER = KakaoMap/Header.h;
				SWIFT_VERSION = 5.0;
				TARGETED_DEVICE_FAMILY = "1,2";
			};
			name = Release;
		};
/* End XCBuildConfiguration section */

/* Begin XCConfigurationList section */
		61C8454D2A6576FF00139C15 /* Build configuration list for PBXProject "KakaoMap" */ = {
			isa = XCConfigurationList;
			buildConfigurations = (
				61C845642A65770000139C15 /* Debug */,
				61C845652A65770000139C15 /* Release */,
			);
			defaultConfigurationIsVisible = 0;
			defaultConfigurationName = Release;
		};
		61C845662A65770000139C15 /* Build configuration list for PBXNativeTarget "KakaoMap" */ = {
			isa = XCConfigurationList;
			buildConfigurations = (
				61C845672A65770000139C15 /* Debug */,
				61C845682A65770000139C15 /* Release */,
			);
			defaultConfigurationIsVisible = 0;
			defaultConfigurationName = Release;
		};
/* End XCConfigurationList section */
	};
	rootObject = 61C8454A2A6576FF00139C15 /* Project object */;
}
