// !$*UTF8*$!
{
	archiveVersion = 1;
	classes = {
	};
	objectVersion = 56;
	objects = {

/* Begin PBXBuildFile section */
		61C993712A6D1F6F003990C5 /* AppDelegate.swift in Sources */ = {isa = PBXBuildFile; fileRef = 61C993702A6D1F6F003990C5 /* AppDelegate.swift */; };
		61C993732A6D1F6F003990C5 /* SceneDelegate.swift in Sources */ = {isa = PBXBuildFile; fileRef = 61C993722A6D1F6F003990C5 /* SceneDelegate.swift */; };
		61C993752A6D1F6F003990C5 /* ViewController.swift in Sources */ = {isa = PBXBuildFile; fileRef = 61C993742A6D1F6F003990C5 /* ViewController.swift */; };
		61C993782A6D1F6F003990C5 /* Main.storyboard in Resources */ = {isa = PBXBuildFile; fileRef = 61C993762A6D1F6F003990C5 /* Main.storyboard */; };
		61C9937A2A6D1F70003990C5 /* Assets.xcassets in Resources */ = {isa = PBXBuildFile; fileRef = 61C993792A6D1F70003990C5 /* Assets.xcassets */; };
		61C9937D2A6D1F70003990C5 /* LaunchScreen.storyboard in Resources */ = {isa = PBXBuildFile; fileRef = 61C9937B2A6D1F70003990C5 /* LaunchScreen.storyboard */; };
		61C993852A6D25AE003990C5 /* MyTabBar.swift in Sources */ = {isa = PBXBuildFile; fileRef = 61C993842A6D25AE003990C5 /* MyTabBar.swift */; };
		61C993872A6D25D6003990C5 /* MyTabBarCtrl.swift in Sources */ = {isa = PBXBuildFile; fileRef = 61C993862A6D25D6003990C5 /* MyTabBarCtrl.swift */; };
		61C9938C2A6D2729003990C5 /* ya.png in Resources */ = {isa = PBXBuildFile; fileRef = 61C9938B2A6D2729003990C5 /* ya.png */; };
		61C993992A6D3C5B003990C5 /* 내주변2.png in Resources */ = {isa = PBXBuildFile; fileRef = 61C993972A6D3C5B003990C5 /* 내주변2.png */; };
		61C9939A2A6D3C5B003990C5 /* 내주변1.png in Resources */ = {isa = PBXBuildFile; fileRef = 61C993982A6D3C5B003990C5 /* 내주변1.png */; };
		61C9939D2A6D3D69003990C5 /* 지역1.png in Resources */ = {isa = PBXBuildFile; fileRef = 61C9939B2A6D3D69003990C5 /* 지역1.png */; };
		61C9939E2A6D3D69003990C5 /* 지역2.png in Resources */ = {isa = PBXBuildFile; fileRef = 61C9939C2A6D3D69003990C5 /* 지역2.png */; };
		61C993A12A6D4370003990C5 /* 찜2.png in Resources */ = {isa = PBXBuildFile; fileRef = 61C9939F2A6D4370003990C5 /* 찜2.png */; };
		61C993A22A6D4370003990C5 /* 찜1.png in Resources */ = {isa = PBXBuildFile; fileRef = 61C993A02A6D4370003990C5 /* 찜1.png */; };
		61C993A52A6D44EC003990C5 /* 마이1.png in Resources */ = {isa = PBXBuildFile; fileRef = 61C993A32A6D44EC003990C5 /* 마이1.png */; };
		61C993A62A6D44EC003990C5 /* 마이2.png in Resources */ = {isa = PBXBuildFile; fileRef = 61C993A42A6D44EC003990C5 /* 마이2.png */; };
		61C993A82A6D47C1003990C5 /* ya_gif.gif in Resources */ = {isa = PBXBuildFile; fileRef = 61C993A72A6D47C1003990C5 /* ya_gif.gif */; };
		61C993AA2A6D4B6D003990C5 /* ya.mov in Resources */ = {isa = PBXBuildFile; fileRef = 61C993A92A6D4B6D003990C5 /* ya.mov */; };
/* End PBXBuildFile section */

/* Begin PBXFileReference section */
		61C9936D2A6D1F6F003990C5 /* yanolja.app */ = {isa = PBXFileReference; explicitFileType = wrapper.application; includeInIndex = 0; path = yanolja.app; sourceTree = BUILT_PRODUCTS_DIR; };
		61C993702A6D1F6F003990C5 /* AppDelegate.swift */ = {isa = PBXFileReference; lastKnownFileType = sourcecode.swift; path = AppDelegate.swift; sourceTree = "<group>"; };
		61C993722A6D1F6F003990C5 /* SceneDelegate.swift */ = {isa = PBXFileReference; lastKnownFileType = sourcecode.swift; path = SceneDelegate.swift; sourceTree = "<group>"; };
		61C993742A6D1F6F003990C5 /* ViewController.swift */ = {isa = PBXFileReference; lastKnownFileType = sourcecode.swift; path = ViewController.swift; sourceTree = "<group>"; };
		61C993772A6D1F6F003990C5 /* Base */ = {isa = PBXFileReference; lastKnownFileType = file.storyboard; name = Base; path = Base.lproj/Main.storyboard; sourceTree = "<group>"; };
		61C993792A6D1F70003990C5 /* Assets.xcassets */ = {isa = PBXFileReference; lastKnownFileType = folder.assetcatalog; path = Assets.xcassets; sourceTree = "<group>"; };
		61C9937C2A6D1F70003990C5 /* Base */ = {isa = PBXFileReference; lastKnownFileType = file.storyboard; name = Base; path = Base.lproj/LaunchScreen.storyboard; sourceTree = "<group>"; };
		61C9937E2A6D1F70003990C5 /* Info.plist */ = {isa = PBXFileReference; lastKnownFileType = text.plist.xml; path = Info.plist; sourceTree = "<group>"; };
		61C993842A6D25AE003990C5 /* MyTabBar.swift */ = {isa = PBXFileReference; lastKnownFileType = sourcecode.swift; path = MyTabBar.swift; sourceTree = "<group>"; };
		61C993862A6D25D6003990C5 /* MyTabBarCtrl.swift */ = {isa = PBXFileReference; lastKnownFileType = sourcecode.swift; path = MyTabBarCtrl.swift; sourceTree = "<group>"; };
		61C9938B2A6D2729003990C5 /* ya.png */ = {isa = PBXFileReference; lastKnownFileType = image.png; name = ya.png; path = "../../../../../Library/Mobile Documents/com~apple~CloudDocs/블로그/야놀자 클론/ya.png"; sourceTree = "<group>"; };
		61C993972A6D3C5B003990C5 /* 내주변2.png */ = {isa = PBXFileReference; lastKnownFileType = image.png; path = "내주변2.png"; sourceTree = "<group>"; };
		61C993982A6D3C5B003990C5 /* 내주변1.png */ = {isa = PBXFileReference; lastKnownFileType = image.png; path = "내주변1.png"; sourceTree = "<group>"; };
		61C9939B2A6D3D69003990C5 /* 지역1.png */ = {isa = PBXFileReference; lastKnownFileType = image.png; name = "지역1.png"; path = "../../../../../Library/Mobile Documents/com~apple~CloudDocs/블로그/야놀자 클론/지역1.png"; sourceTree = "<group>"; };
		61C9939C2A6D3D69003990C5 /* 지역2.png */ = {isa = PBXFileReference; lastKnownFileType = image.png; name = "지역2.png"; path = "../../../../../Library/Mobile Documents/com~apple~CloudDocs/블로그/야놀자 클론/지역2.png"; sourceTree = "<group>"; };
		61C9939F2A6D4370003990C5 /* 찜2.png */ = {isa = PBXFileReference; lastKnownFileType = image.png; path = "찜2.png"; sourceTree = "<group>"; };
		61C993A02A6D4370003990C5 /* 찜1.png */ = {isa = PBXFileReference; lastKnownFileType = image.png; path = "찜1.png"; sourceTree = "<group>"; };
		61C993A32A6D44EC003990C5 /* 마이1.png */ = {isa = PBXFileReference; lastKnownFileType = image.png; path = "마이1.png"; sourceTree = "<group>"; };
		61C993A42A6D44EC003990C5 /* 마이2.png */ = {isa = PBXFileReference; lastKnownFileType = image.png; path = "마이2.png"; sourceTree = "<group>"; };
		61C993A72A6D47C1003990C5 /* ya_gif.gif */ = {isa = PBXFileReference; lastKnownFileType = image.gif; path = ya_gif.gif; sourceTree = "<group>"; };
		61C993A92A6D4B6D003990C5 /* ya.mov */ = {isa = PBXFileReference; lastKnownFileType = video.quicktime; path = ya.mov; sourceTree = "<group>"; };
/* End PBXFileReference section */

/* Begin PBXFrameworksBuildPhase section */
		61C9936A2A6D1F6F003990C5 /* Frameworks */ = {
			isa = PBXFrameworksBuildPhase;
			buildActionMask = 2147483647;
			files = (
			);
			runOnlyForDeploymentPostprocessing = 0;
		};
/* End PBXFrameworksBuildPhase section */

/* Begin PBXGroup section */
		61C993642A6D1F6F003990C5 = {
			isa = PBXGroup;
			children = (
				61C993882A6D2635003990C5 /* images */,
				61C9936F2A6D1F6F003990C5 /* yanolja */,
				61C9936E2A6D1F6F003990C5 /* Products */,
			);
			sourceTree = "<group>";
		};
		61C9936E2A6D1F6F003990C5 /* Products */ = {
			isa = PBXGroup;
			children = (
				61C9936D2A6D1F6F003990C5 /* yanolja.app */,
			);
			name = Products;
			sourceTree = "<group>";
		};
		61C9936F2A6D1F6F003990C5 /* yanolja */ = {
			isa = PBXGroup;
			children = (
				61C993702A6D1F6F003990C5 /* AppDelegate.swift */,
				61C993722A6D1F6F003990C5 /* SceneDelegate.swift */,
				61C993742A6D1F6F003990C5 /* ViewController.swift */,
				61C993762A6D1F6F003990C5 /* Main.storyboard */,
				61C993842A6D25AE003990C5 /* MyTabBar.swift */,
				61C993862A6D25D6003990C5 /* MyTabBarCtrl.swift */,
				61C993792A6D1F70003990C5 /* Assets.xcassets */,
				61C9937B2A6D1F70003990C5 /* LaunchScreen.storyboard */,
				61C9937E2A6D1F70003990C5 /* Info.plist */,
			);
			path = yanolja;
			sourceTree = "<group>";
		};
		61C993882A6D2635003990C5 /* images */ = {
			isa = PBXGroup;
			children = (
				61C993A32A6D44EC003990C5 /* 마이1.png */,
				61C993A42A6D44EC003990C5 /* 마이2.png */,
				61C993A02A6D4370003990C5 /* 찜1.png */,
				61C9939F2A6D4370003990C5 /* 찜2.png */,
				61C9939B2A6D3D69003990C5 /* 지역1.png */,
				61C9939C2A6D3D69003990C5 /* 지역2.png */,
				61C9938B2A6D2729003990C5 /* ya.png */,
				61C993982A6D3C5B003990C5 /* 내주변1.png */,
				61C993972A6D3C5B003990C5 /* 내주변2.png */,
				61C993A72A6D47C1003990C5 /* ya_gif.gif */,
				61C993A92A6D4B6D003990C5 /* ya.mov */,
			);
			path = images;
			sourceTree = "<group>";
		};
/* End PBXGroup section */

/* Begin PBXNativeTarget section */
		61C9936C2A6D1F6F003990C5 /* yanolja */ = {
			isa = PBXNativeTarget;
			buildConfigurationList = 61C993812A6D1F70003990C5 /* Build configuration list for PBXNativeTarget "yanolja" */;
			buildPhases = (
				61C993692A6D1F6F003990C5 /* Sources */,
				61C9936A2A6D1F6F003990C5 /* Frameworks */,
				61C9936B2A6D1F6F003990C5 /* Resources */,
			);
			buildRules = (
			);
			dependencies = (
			);
			name = yanolja;
			productName = yanolja;
			productReference = 61C9936D2A6D1F6F003990C5 /* yanolja.app */;
			productType = "com.apple.product-type.application";
		};
/* End PBXNativeTarget section */

/* Begin PBXProject section */
		61C993652A6D1F6F003990C5 /* Project object */ = {
			isa = PBXProject;
			attributes = {
				BuildIndependentTargetsInParallel = 1;
				LastSwiftUpdateCheck = 1430;
				LastUpgradeCheck = 1430;
				TargetAttributes = {
					61C9936C2A6D1F6F003990C5 = {
						CreatedOnToolsVersion = 14.3.1;
					};
				};
			};
			buildConfigurationList = 61C993682A6D1F6F003990C5 /* Build configuration list for PBXProject "yanolja" */;
			compatibilityVersion = "Xcode 14.0";
			developmentRegion = en;
			hasScannedForEncodings = 0;
			knownRegions = (
				en,
				Base,
			);
			mainGroup = 61C993642A6D1F6F003990C5;
			productRefGroup = 61C9936E2A6D1F6F003990C5 /* Products */;
			projectDirPath = "";
			projectRoot = "";
			targets = (
				61C9936C2A6D1F6F003990C5 /* yanolja */,
			);
		};
/* End PBXProject section */

/* Begin PBXResourcesBuildPhase section */
		61C9936B2A6D1F6F003990C5 /* Resources */ = {
			isa = PBXResourcesBuildPhase;
			buildActionMask = 2147483647;
			files = (
				61C993A12A6D4370003990C5 /* 찜2.png in Resources */,
				61C9939D2A6D3D69003990C5 /* 지역1.png in Resources */,
				61C993A82A6D47C1003990C5 /* ya_gif.gif in Resources */,
				61C9937D2A6D1F70003990C5 /* LaunchScreen.storyboard in Resources */,
				61C9939E2A6D3D69003990C5 /* 지역2.png in Resources */,
				61C993A52A6D44EC003990C5 /* 마이1.png in Resources */,
				61C993A62A6D44EC003990C5 /* 마이2.png in Resources */,
				61C9937A2A6D1F70003990C5 /* Assets.xcassets in Resources */,
				61C993AA2A6D4B6D003990C5 /* ya.mov in Resources */,
				61C993782A6D1F6F003990C5 /* Main.storyboard in Resources */,
				61C993992A6D3C5B003990C5 /* 내주변2.png in Resources */,
				61C993A22A6D4370003990C5 /* 찜1.png in Resources */,
				61C9938C2A6D2729003990C5 /* ya.png in Resources */,
				61C9939A2A6D3C5B003990C5 /* 내주변1.png in Resources */,
			);
			runOnlyForDeploymentPostprocessing = 0;
		};
/* End PBXResourcesBuildPhase section */

/* Begin PBXSourcesBuildPhase section */
		61C993692A6D1F6F003990C5 /* Sources */ = {
			isa = PBXSourcesBuildPhase;
			buildActionMask = 2147483647;
			files = (
				61C993752A6D1F6F003990C5 /* ViewController.swift in Sources */,
				61C993712A6D1F6F003990C5 /* AppDelegate.swift in Sources */,
				61C993732A6D1F6F003990C5 /* SceneDelegate.swift in Sources */,
				61C993852A6D25AE003990C5 /* MyTabBar.swift in Sources */,
				61C993872A6D25D6003990C5 /* MyTabBarCtrl.swift in Sources */,
			);
			runOnlyForDeploymentPostprocessing = 0;
		};
/* End PBXSourcesBuildPhase section */

/* Begin PBXVariantGroup section */
		61C993762A6D1F6F003990C5 /* Main.storyboard */ = {
			isa = PBXVariantGroup;
			children = (
				61C993772A6D1F6F003990C5 /* Base */,
			);
			name = Main.storyboard;
			sourceTree = "<group>";
		};
		61C9937B2A6D1F70003990C5 /* LaunchScreen.storyboard */ = {
			isa = PBXVariantGroup;
			children = (
				61C9937C2A6D1F70003990C5 /* Base */,
			);
			name = LaunchScreen.storyboard;
			sourceTree = "<group>";
		};
/* End PBXVariantGroup section */

/* Begin XCBuildConfiguration section */
		61C9937F2A6D1F70003990C5 /* Debug */ = {
			isa = XCBuildConfiguration;
			buildSettings = {
				ALWAYS_SEARCH_USER_PATHS = NO;
				CLANG_ANALYZER_NONNULL = YES;
				CLANG_ANALYZER_NUMBER_OBJECT_CONVERSION = YES_AGGRESSIVE;
				CLANG_CXX_LANGUAGE_STANDARD = "gnu++20";
				CLANG_ENABLE_MODULES = YES;
				CLANG_ENABLE_OBJC_ARC = YES;
				CLANG_ENABLE_OBJC_WEAK = YES;
				CLANG_WARN_BLOCK_CAPTURE_AUTORELEASING = YES;
				CLANG_WARN_BOOL_CONVERSION = YES;
				CLANG_WARN_COMMA = YES;
				CLANG_WARN_CONSTANT_CONVERSION = YES;
				CLANG_WARN_DEPRECATED_OBJC_IMPLEMENTATIONS = YES;
				CLANG_WARN_DIRECT_OBJC_ISA_USAGE = YES_ERROR;
				CLANG_WARN_DOCUMENTATION_COMMENTS = YES;
				CLANG_WARN_EMPTY_BODY = YES;
				CLANG_WARN_ENUM_CONVERSION = YES;
				CLANG_WARN_INFINITE_RECURSION = YES;
				CLANG_WARN_INT_CONVERSION = YES;
				CLANG_WARN_NON_LITERAL_NULL_CONVERSION = YES;
				CLANG_WARN_OBJC_IMPLICIT_RETAIN_SELF = YES;
				CLANG_WARN_OBJC_LITERAL_CONVERSION = YES;
				CLANG_WARN_OBJC_ROOT_CLASS = YES_ERROR;
				CLANG_WARN_QUOTED_INCLUDE_IN_FRAMEWORK_HEADER = YES;
				CLANG_WARN_RANGE_LOOP_ANALYSIS = YES;
				CLANG_WARN_STRICT_PROTOTYPES = YES;
				CLANG_WARN_SUSPICIOUS_MOVE = YES;
				CLANG_WARN_UNGUARDED_AVAILABILITY = YES_AGGRESSIVE;
				CLANG_WARN_UNREACHABLE_CODE = YES;
				CLANG_WARN__DUPLICATE_METHOD_MATCH = YES;
				COPY_PHASE_STRIP = NO;
				DEBUG_INFORMATION_FORMAT = dwarf;
				ENABLE_STRICT_OBJC_MSGSEND = YES;
				ENABLE_TESTABILITY = YES;
				GCC_C_LANGUAGE_STANDARD = gnu11;
				GCC_DYNAMIC_NO_PIC = NO;
				GCC_NO_COMMON_BLOCKS = YES;
				GCC_OPTIMIZATION_LEVEL = 0;
				GCC_PREPROCESSOR_DEFINITIONS = (
					"DEBUG=1",
					"$(inherited)",
				);
				GCC_WARN_64_TO_32_BIT_CONVERSION = YES;
				GCC_WARN_ABOUT_RETURN_TYPE = YES_ERROR;
				GCC_WARN_UNDECLARED_SELECTOR = YES;
				GCC_WARN_UNINITIALIZED_AUTOS = YES_AGGRESSIVE;
				GCC_WARN_UNUSED_FUNCTION = YES;
				GCC_WARN_UNUSED_VARIABLE = YES;
				IPHONEOS_DEPLOYMENT_TARGET = 16.4;
				MTL_ENABLE_DEBUG_INFO = INCLUDE_SOURCE;
				MTL_FAST_MATH = YES;
				ONLY_ACTIVE_ARCH = YES;
				SDKROOT = iphoneos;
				SWIFT_ACTIVE_COMPILATION_CONDITIONS = DEBUG;
				SWIFT_OPTIMIZATION_LEVEL = "-Onone";
			};
			name = Debug;
		};
		61C993802A6D1F70003990C5 /* Release */ = {
			isa = XCBuildConfiguration;
			buildSettings = {
				ALWAYS_SEARCH_USER_PATHS = NO;
				CLANG_ANALYZER_NONNULL = YES;
				CLANG_ANALYZER_NUMBER_OBJECT_CONVERSION = YES_AGGRESSIVE;
				CLANG_CXX_LANGUAGE_STANDARD = "gnu++20";
				CLANG_ENABLE_MODULES = YES;
				CLANG_ENABLE_OBJC_ARC = YES;
				CLANG_ENABLE_OBJC_WEAK = YES;
				CLANG_WARN_BLOCK_CAPTURE_AUTORELEASING = YES;
				CLANG_WARN_BOOL_CONVERSION = YES;
				CLANG_WARN_COMMA = YES;
				CLANG_WARN_CONSTANT_CONVERSION = YES;
				CLANG_WARN_DEPRECATED_OBJC_IMPLEMENTATIONS = YES;
				CLANG_WARN_DIRECT_OBJC_ISA_USAGE = YES_ERROR;
				CLANG_WARN_DOCUMENTATION_COMMENTS = YES;
				CLANG_WARN_EMPTY_BODY = YES;
				CLANG_WARN_ENUM_CONVERSION = YES;
				CLANG_WARN_INFINITE_RECURSION = YES;
				CLANG_WARN_INT_CONVERSION = YES;
				CLANG_WARN_NON_LITERAL_NULL_CONVERSION = YES;
				CLANG_WARN_OBJC_IMPLICIT_RETAIN_SELF = YES;
				CLANG_WARN_OBJC_LITERAL_CONVERSION = YES;
				CLANG_WARN_OBJC_ROOT_CLASS = YES_ERROR;
				CLANG_WARN_QUOTED_INCLUDE_IN_FRAMEWORK_HEADER = YES;
				CLANG_WARN_RANGE_LOOP_ANALYSIS = YES;
				CLANG_WARN_STRICT_PROTOTYPES = YES;
				CLANG_WARN_SUSPICIOUS_MOVE = YES;
				CLANG_WARN_UNGUARDED_AVAILABILITY = YES_AGGRESSIVE;
				CLANG_WARN_UNREACHABLE_CODE = YES;
				CLANG_WARN__DUPLICATE_METHOD_MATCH = YES;
				COPY_PHASE_STRIP = NO;
				DEBUG_INFORMATION_FORMAT = "dwarf-with-dsym";
				ENABLE_NS_ASSERTIONS = NO;
				ENABLE_STRICT_OBJC_MSGSEND = YES;
				GCC_C_LANGUAGE_STANDARD = gnu11;
				GCC_NO_COMMON_BLOCKS = YES;
				GCC_WARN_64_TO_32_BIT_CONVERSION = YES;
				GCC_WARN_ABOUT_RETURN_TYPE = YES_ERROR;
				GCC_WARN_UNDECLARED_SELECTOR = YES;
				GCC_WARN_UNINITIALIZED_AUTOS = YES_AGGRESSIVE;
				GCC_WARN_UNUSED_FUNCTION = YES;
				GCC_WARN_UNUSED_VARIABLE = YES;
				IPHONEOS_DEPLOYMENT_TARGET = 16.4;
				MTL_ENABLE_DEBUG_INFO = NO;
				MTL_FAST_MATH = YES;
				SDKROOT = iphoneos;
				SWIFT_COMPILATION_MODE = wholemodule;
				SWIFT_OPTIMIZATION_LEVEL = "-O";
				VALIDATE_PRODUCT = YES;
			};
			name = Release;
		};
		61C993822A6D1F70003990C5 /* Debug */ = {
			isa = XCBuildConfiguration;
			buildSettings = {
				ASSETCATALOG_COMPILER_APPICON_NAME = AppIcon;
				ASSETCATALOG_COMPILER_GLOBAL_ACCENT_COLOR_NAME = AccentColor;
				CODE_SIGN_STYLE = Automatic;
				CURRENT_PROJECT_VERSION = 1;
				DEVELOPMENT_TEAM = 53TT286T39;
				GENERATE_INFOPLIST_FILE = YES;
				INFOPLIST_FILE = yanolja/Info.plist;
				INFOPLIST_KEY_UIApplicationSupportsIndirectInputEvents = YES;
				INFOPLIST_KEY_UILaunchStoryboardName = LaunchScreen;
				INFOPLIST_KEY_UIMainStoryboardFile = Main;
				INFOPLIST_KEY_UISupportedInterfaceOrientations_iPad = "UIInterfaceOrientationPortrait UIInterfaceOrientationPortraitUpsideDown UIInterfaceOrientationLandscapeLeft UIInterfaceOrientationLandscapeRight";
				INFOPLIST_KEY_UISupportedInterfaceOrientations_iPhone = "UIInterfaceOrientationPortrait UIInterfaceOrientationLandscapeLeft UIInterfaceOrientationLandscapeRight";
				LD_RUNPATH_SEARCH_PATHS = (
					"$(inherited)",
					"@executable_path/Frameworks",
				);
				MARKETING_VERSION = 1.0;
				PRODUCT_BUNDLE_IDENTIFIER = net.macnpc.yanolja;
				PRODUCT_NAME = "$(TARGET_NAME)";
				SWIFT_EMIT_LOC_STRINGS = YES;
				SWIFT_VERSION = 5.0;
				TARGETED_DEVICE_FAMILY = "1,2";
			};
			name = Debug;
		};
		61C993832A6D1F70003990C5 /* Release */ = {
			isa = XCBuildConfiguration;
			buildSettings = {
				ASSETCATALOG_COMPILER_APPICON_NAME = AppIcon;
				ASSETCATALOG_COMPILER_GLOBAL_ACCENT_COLOR_NAME = AccentColor;
				CODE_SIGN_STYLE = Automatic;
				CURRENT_PROJECT_VERSION = 1;
				DEVELOPMENT_TEAM = 53TT286T39;
				GENERATE_INFOPLIST_FILE = YES;
				INFOPLIST_FILE = yanolja/Info.plist;
				INFOPLIST_KEY_UIApplicationSupportsIndirectInputEvents = YES;
				INFOPLIST_KEY_UILaunchStoryboardName = LaunchScreen;
				INFOPLIST_KEY_UIMainStoryboardFile = Main;
				INFOPLIST_KEY_UISupportedInterfaceOrientations_iPad = "UIInterfaceOrientationPortrait UIInterfaceOrientationPortraitUpsideDown UIInterfaceOrientationLandscapeLeft UIInterfaceOrientationLandscapeRight";
				INFOPLIST_KEY_UISupportedInterfaceOrientations_iPhone = "UIInterfaceOrientationPortrait UIInterfaceOrientationLandscapeLeft UIInterfaceOrientationLandscapeRight";
				LD_RUNPATH_SEARCH_PATHS = (
					"$(inherited)",
					"@executable_path/Frameworks",
				);
				MARKETING_VERSION = 1.0;
				PRODUCT_BUNDLE_IDENTIFIER = net.macnpc.yanolja;
				PRODUCT_NAME = "$(TARGET_NAME)";
				SWIFT_EMIT_LOC_STRINGS = YES;
				SWIFT_VERSION = 5.0;
				TARGETED_DEVICE_FAMILY = "1,2";
			};
			name = Release;
		};
/* End XCBuildConfiguration section */

/* Begin XCConfigurationList section */
		61C993682A6D1F6F003990C5 /* Build configuration list for PBXProject "yanolja" */ = {
			isa = XCConfigurationList;
			buildConfigurations = (
				61C9937F2A6D1F70003990C5 /* Debug */,
				61C993802A6D1F70003990C5 /* Release */,
			);
			defaultConfigurationIsVisible = 0;
			defaultConfigurationName = Release;
		};
		61C993812A6D1F70003990C5 /* Build configuration list for PBXNativeTarget "yanolja" */ = {
			isa = XCConfigurationList;
			buildConfigurations = (
				61C993822A6D1F70003990C5 /* Debug */,
				61C993832A6D1F70003990C5 /* Release */,
			);
			defaultConfigurationIsVisible = 0;
			defaultConfigurationName = Release;
		};
/* End XCConfigurationList section */
	};
	rootObject = 61C993652A6D1F6F003990C5 /* Project object */;
}
