// !$*UTF8*$!
{
	archiveVersion = 1;
	classes = {
	};
	objectVersion = 56;
	objects = {

/* Begin PBXBuildFile section */
		61814F9B2A6E6BD600BAD52E /* AppDelegate.swift in Sources */ = {isa = PBXBuildFile; fileRef = 61814F9A2A6E6BD600BAD52E /* AppDelegate.swift */; };
		61814F9D2A6E6BD600BAD52E /* SceneDelegate.swift in Sources */ = {isa = PBXBuildFile; fileRef = 61814F9C2A6E6BD600BAD52E /* SceneDelegate.swift */; };
		61814F9F2A6E6BD600BAD52E /* ViewController.swift in Sources */ = {isa = PBXBuildFile; fileRef = 61814F9E2A6E6BD600BAD52E /* ViewController.swift */; };
		61814FA22A6E6BD600BAD52E /* Main.storyboard in Resources */ = {isa = PBXBuildFile; fileRef = 61814FA02A6E6BD600BAD52E /* Main.storyboard */; };
		61814FA42A6E6BD800BAD52E /* Assets.xcassets in Resources */ = {isa = PBXBuildFile; fileRef = 61814FA32A6E6BD800BAD52E /* Assets.xcassets */; };
		61814FA72A6E6BD800BAD52E /* LaunchScreen.storyboard in Resources */ = {isa = PBXBuildFile; fileRef = 61814FA52A6E6BD800BAD52E /* LaunchScreen.storyboard */; };
		F52A18CC456561CEF9822714 /* Pods_GifuTest.framework in Frameworks */ = {isa = PBXBuildFile; fileRef = 959EBDB98EB351FC6AAB79AD /* Pods_GifuTest.framework */; };
/* End PBXBuildFile section */

/* Begin PBXFileReference section */
		1566525A056DD32D52C7DC39 /* Pods-GifuTest.release.xcconfig */ = {isa = PBXFileReference; includeInIndex = 1; lastKnownFileType = text.xcconfig; name = "Pods-GifuTest.release.xcconfig"; path = "Target Support Files/Pods-GifuTest/Pods-GifuTest.release.xcconfig"; sourceTree = "<group>"; };
		61814F972A6E6BD600BAD52E /* GifuTest.app */ = {isa = PBXFileReference; explicitFileType = wrapper.application; includeInIndex = 0; path = GifuTest.app; sourceTree = BUILT_PRODUCTS_DIR; };
		61814F9A2A6E6BD600BAD52E /* AppDelegate.swift */ = {isa = PBXFileReference; lastKnownFileType = sourcecode.swift; path = AppDelegate.swift; sourceTree = "<group>"; };
		61814F9C2A6E6BD600BAD52E /* SceneDelegate.swift */ = {isa = PBXFileReference; lastKnownFileType = sourcecode.swift; path = SceneDelegate.swift; sourceTree = "<group>"; };
		61814F9E2A6E6BD600BAD52E /* ViewController.swift */ = {isa = PBXFileReference; lastKnownFileType = sourcecode.swift; path = ViewController.swift; sourceTree = "<group>"; };
		61814FA12A6E6BD600BAD52E /* Base */ = {isa = PBXFileReference; lastKnownFileType = file.storyboard; name = Base; path = Base.lproj/Main.storyboard; sourceTree = "<group>"; };
		61814FA32A6E6BD800BAD52E /* Assets.xcassets */ = {isa = PBXFileReference; lastKnownFileType = folder.assetcatalog; path = Assets.xcassets; sourceTree = "<group>"; };
		61814FA62A6E6BD800BAD52E /* Base */ = {isa = PBXFileReference; lastKnownFileType = file.storyboard; name = Base; path = Base.lproj/LaunchScreen.storyboard; sourceTree = "<group>"; };
		61814FA82A6E6BD800BAD52E /* Info.plist */ = {isa = PBXFileReference; lastKnownFileType = text.plist.xml; path = Info.plist; sourceTree = "<group>"; };
		959EBDB98EB351FC6AAB79AD /* Pods_GifuTest.framework */ = {isa = PBXFileReference; explicitFileType = wrapper.framework; includeInIndex = 0; path = Pods_GifuTest.framework; sourceTree = BUILT_PRODUCTS_DIR; };
		AECE5B237AEF75F3018DEEF1 /* Pods-GifuTest.debug.xcconfig */ = {isa = PBXFileReference; includeInIndex = 1; lastKnownFileType = text.xcconfig; name = "Pods-GifuTest.debug.xcconfig"; path = "Target Support Files/Pods-GifuTest/Pods-GifuTest.debug.xcconfig"; sourceTree = "<group>"; };
/* End PBXFileReference section */

/* Begin PBXFrameworksBuildPhase section */
		61814F942A6E6BD600BAD52E /* Frameworks */ = {
			isa = PBXFrameworksBuildPhase;
			buildActionMask = 2147483647;
			files = (
				F52A18CC456561CEF9822714 /* Pods_GifuTest.framework in Frameworks */,
			);
			runOnlyForDeploymentPostprocessing = 0;
		};
/* End PBXFrameworksBuildPhase section */

/* Begin PBXGroup section */
		61814F8E2A6E6BD600BAD52E = {
			isa = PBXGroup;
			children = (
				61814F992A6E6BD600BAD52E /* GifuTest */,
				61814F982A6E6BD600BAD52E /* Products */,
				9E63E698F08FA72D823C8188 /* Pods */,
				908D58F5E9FBF034CA705A82 /* Frameworks */,
			);
			sourceTree = "<group>";
		};
		61814F982A6E6BD600BAD52E /* Products */ = {
			isa = PBXGroup;
			children = (
				61814F972A6E6BD600BAD52E /* GifuTest.app */,
			);
			name = Products;
			sourceTree = "<group>";
		};
		61814F992A6E6BD600BAD52E /* GifuTest */ = {
			isa = PBXGroup;
			children = (
				61814F9A2A6E6BD600BAD52E /* AppDelegate.swift */,
				61814F9C2A6E6BD600BAD52E /* SceneDelegate.swift */,
				61814F9E2A6E6BD600BAD52E /* ViewController.swift */,
				61814FA02A6E6BD600BAD52E /* Main.storyboard */,
				61814FA32A6E6BD800BAD52E /* Assets.xcassets */,
				61814FA52A6E6BD800BAD52E /* LaunchScreen.storyboard */,
				61814FA82A6E6BD800BAD52E /* Info.plist */,
			);
			path = GifuTest;
			sourceTree = "<group>";
		};
		908D58F5E9FBF034CA705A82 /* Frameworks */ = {
			isa = PBXGroup;
			children = (
				959EBDB98EB351FC6AAB79AD /* Pods_GifuTest.framework */,
			);
			name = Frameworks;
			sourceTree = "<group>";
		};
		9E63E698F08FA72D823C8188 /* Pods */ = {
			isa = PBXGroup;
			children = (
				AECE5B237AEF75F3018DEEF1 /* Pods-GifuTest.debug.xcconfig */,
				1566525A056DD32D52C7DC39 /* Pods-GifuTest.release.xcconfig */,
			);
			name = Pods;
			path = Pods;
			sourceTree = "<group>";
		};
/* End PBXGroup section */

/* Begin PBXNativeTarget section */
		61814F962A6E6BD600BAD52E /* GifuTest */ = {
			isa = PBXNativeTarget;
			buildConfigurationList = 61814FAB2A6E6BD800BAD52E /* Build configuration list for PBXNativeTarget "GifuTest" */;
			buildPhases = (
				A7B0A75858B77C37B358AC74 /* [CP] Check Pods Manifest.lock */,
				61814F932A6E6BD600BAD52E /* Sources */,
				61814F942A6E6BD600BAD52E /* Frameworks */,
				61814F952A6E6BD600BAD52E /* Resources */,
				C425E31B3B90D4D4C98B054E /* [CP] Embed Pods Frameworks */,
			);
			buildRules = (
			);
			dependencies = (
			);
			name = GifuTest;
			productName = GifuTest;
			productReference = 61814F972A6E6BD600BAD52E /* GifuTest.app */;
			productType = "com.apple.product-type.application";
		};
/* End PBXNativeTarget section */

/* Begin PBXProject section */
		61814F8F2A6E6BD600BAD52E /* Project object */ = {
			isa = PBXProject;
			attributes = {
				BuildIndependentTargetsInParallel = 1;
				LastSwiftUpdateCheck = 1430;
				LastUpgradeCheck = 1430;
				TargetAttributes = {
					61814F962A6E6BD600BAD52E = {
						CreatedOnToolsVersion = 14.3.1;
					};
				};
			};
			buildConfigurationList = 61814F922A6E6BD600BAD52E /* Build configuration list for PBXProject "GifuTest" */;
			compatibilityVersion = "Xcode 14.0";
			developmentRegion = en;
			hasScannedForEncodings = 0;
			knownRegions = (
				en,
				Base,
			);
			mainGroup = 61814F8E2A6E6BD600BAD52E;
			productRefGroup = 61814F982A6E6BD600BAD52E /* Products */;
			projectDirPath = "";
			projectRoot = "";
			targets = (
				61814F962A6E6BD600BAD52E /* GifuTest */,
			);
		};
/* End PBXProject section */

/* Begin PBXResourcesBuildPhase section */
		61814F952A6E6BD600BAD52E /* Resources */ = {
			isa = PBXResourcesBuildPhase;
			buildActionMask = 2147483647;
			files = (
				61814FA72A6E6BD800BAD52E /* LaunchScreen.storyboard in Resources */,
				61814FA42A6E6BD800BAD52E /* Assets.xcassets in Resources */,
				61814FA22A6E6BD600BAD52E /* Main.storyboard in Resources */,
			);
			runOnlyForDeploymentPostprocessing = 0;
		};
/* End PBXResourcesBuildPhase section */

/* Begin PBXShellScriptBuildPhase section */
		A7B0A75858B77C37B358AC74 /* [CP] Check Pods Manifest.lock */ = {
			isa = PBXShellScriptBuildPhase;
			buildActionMask = 2147483647;
			files = (
			);
			inputFileListPaths = (
			);
			inputPaths = (
				"${PODS_PODFILE_DIR_PATH}/Podfile.lock",
				"${PODS_ROOT}/Manifest.lock",
			);
			name = "[CP] Check Pods Manifest.lock";
			outputFileListPaths = (
			);
			outputPaths = (
				"$(DERIVED_FILE_DIR)/Pods-GifuTest-checkManifestLockResult.txt",
			);
			runOnlyForDeploymentPostprocessing = 0;
			shellPath = /bin/sh;
			shellScript = "diff \"${PODS_PODFILE_DIR_PATH}/Podfile.lock\" \"${PODS_ROOT}/Manifest.lock\" > /dev/null\nif [ $? != 0 ] ; then\n    # print error to STDERR\n    echo \"error: The sandbox is not in sync with the Podfile.lock. Run 'pod install' or update your CocoaPods installation.\" >&2\n    exit 1\nfi\n# This output is used by Xcode 'outputs' to avoid re-running this script phase.\necho \"SUCCESS\" > \"${SCRIPT_OUTPUT_FILE_0}\"\n";
			showEnvVarsInLog = 0;
		};
		C425E31B3B90D4D4C98B054E /* [CP] Embed Pods Frameworks */ = {
			isa = PBXShellScriptBuildPhase;
			buildActionMask = 2147483647;
			files = (
			);
			inputFileListPaths = (
				"${PODS_ROOT}/Target Support Files/Pods-GifuTest/Pods-GifuTest-frameworks-${CONFIGURATION}-input-files.xcfilelist",
			);
			name = "[CP] Embed Pods Frameworks";
			outputFileListPaths = (
				"${PODS_ROOT}/Target Support Files/Pods-GifuTest/Pods-GifuTest-frameworks-${CONFIGURATION}-output-files.xcfilelist",
			);
			runOnlyForDeploymentPostprocessing = 0;
			shellPath = /bin/sh;
			shellScript = "\"${PODS_ROOT}/Target Support Files/Pods-GifuTest/Pods-GifuTest-frameworks.sh\"\n";
			showEnvVarsInLog = 0;
		};
/* End PBXShellScriptBuildPhase section */

/* Begin PBXSourcesBuildPhase section */
		61814F932A6E6BD600BAD52E /* Sources */ = {
			isa = PBXSourcesBuildPhase;
			buildActionMask = 2147483647;
			files = (
				61814F9F2A6E6BD600BAD52E /* ViewController.swift in Sources */,
				61814F9B2A6E6BD600BAD52E /* AppDelegate.swift in Sources */,
				61814F9D2A6E6BD600BAD52E /* SceneDelegate.swift in Sources */,
			);
			runOnlyForDeploymentPostprocessing = 0;
		};
/* End PBXSourcesBuildPhase section */

/* Begin PBXVariantGroup section */
		61814FA02A6E6BD600BAD52E /* Main.storyboard */ = {
			isa = PBXVariantGroup;
			children = (
				61814FA12A6E6BD600BAD52E /* Base */,
			);
			name = Main.storyboard;
			sourceTree = "<group>";
		};
		61814FA52A6E6BD800BAD52E /* LaunchScreen.storyboard */ = {
			isa = PBXVariantGroup;
			children = (
				61814FA62A6E6BD800BAD52E /* Base */,
			);
			name = LaunchScreen.storyboard;
			sourceTree = "<group>";
		};
/* End PBXVariantGroup section */

/* Begin XCBuildConfiguration section */
		61814FA92A6E6BD800BAD52E /* Debug */ = {
			isa = XCBuildConfiguration;
			buildSettings = {
				ALWAYS_SEARCH_USER_PATHS = NO;
				CLANG_ANALYZER_NONNULL = YES;
				CLANG_ANALYZER_NUMBER_OBJECT_CONVERSION = YES_AGGRESSIVE;
				CLANG_CXX_LANGUAGE_STANDARD = "gnu++20";
				CLANG_ENABLE_MODULES = YES;
				CLANG_ENABLE_OBJC_ARC = YES;
				CLANG_ENABLE_OBJC_WEAK = YES;
				CLANG_WARN_BLOCK_CAPTURE_AUTORELEASING = YES;
				CLANG_WARN_BOOL_CONVERSION = YES;
				CLANG_WARN_COMMA = YES;
				CLANG_WARN_CONSTANT_CONVERSION = YES;
				CLANG_WARN_DEPRECATED_OBJC_IMPLEMENTATIONS = YES;
				CLANG_WARN_DIRECT_OBJC_ISA_USAGE = YES_ERROR;
				CLANG_WARN_DOCUMENTATION_COMMENTS = YES;
				CLANG_WARN_EMPTY_BODY = YES;
				CLANG_WARN_ENUM_CONVERSION = YES;
				CLANG_WARN_INFINITE_RECURSION = YES;
				CLANG_WARN_INT_CONVERSION = YES;
				CLANG_WARN_NON_LITERAL_NULL_CONVERSION = YES;
				CLANG_WARN_OBJC_IMPLICIT_RETAIN_SELF = YES;
				CLANG_WARN_OBJC_LITERAL_CONVERSION = YES;
				CLANG_WARN_OBJC_ROOT_CLASS = YES_ERROR;
				CLANG_WARN_QUOTED_INCLUDE_IN_FRAMEWORK_HEADER = YES;
				CLANG_WARN_RANGE_LOOP_ANALYSIS = YES;
				CLANG_WARN_STRICT_PROTOTYPES = YES;
				CLANG_WARN_SUSPICIOUS_MOVE = YES;
				CLANG_WARN_UNGUARDED_AVAILABILITY = YES_AGGRESSIVE;
				CLANG_WARN_UNREACHABLE_CODE = YES;
				CLANG_WARN__DUPLICATE_METHOD_MATCH = YES;
				COPY_PHASE_STRIP = NO;
				DEBUG_INFORMATION_FORMAT = dwarf;
				ENABLE_STRICT_OBJC_MSGSEND = YES;
				ENABLE_TESTABILITY = YES;
				GCC_C_LANGUAGE_STANDARD = gnu11;
				GCC_DYNAMIC_NO_PIC = NO;
				GCC_NO_COMMON_BLOCKS = YES;
				GCC_OPTIMIZATION_LEVEL = 0;
				GCC_PREPROCESSOR_DEFINITIONS = (
					"DEBUG=1",
					"$(inherited)",
				);
				GCC_WARN_64_TO_32_BIT_CONVERSION = YES;
				GCC_WARN_ABOUT_RETURN_TYPE = YES_ERROR;
				GCC_WARN_UNDECLARED_SELECTOR = YES;
				GCC_WARN_UNINITIALIZED_AUTOS = YES_AGGRESSIVE;
				GCC_WARN_UNUSED_FUNCTION = YES;
				GCC_WARN_UNUSED_VARIABLE = YES;
				IPHONEOS_DEPLOYMENT_TARGET = 16.4;
				MTL_ENABLE_DEBUG_INFO = INCLUDE_SOURCE;
				MTL_FAST_MATH = YES;
				ONLY_ACTIVE_ARCH = YES;
				SDKROOT = iphoneos;
				SWIFT_ACTIVE_COMPILATION_CONDITIONS = DEBUG;
				SWIFT_OPTIMIZATION_LEVEL = "-Onone";
			};
			name = Debug;
		};
		61814FAA2A6E6BD800BAD52E /* Release */ = {
			isa = XCBuildConfiguration;
			buildSettings = {
				ALWAYS_SEARCH_USER_PATHS = NO;
				CLANG_ANALYZER_NONNULL = YES;
				CLANG_ANALYZER_NUMBER_OBJECT_CONVERSION = YES_AGGRESSIVE;
				CLANG_CXX_LANGUAGE_STANDARD = "gnu++20";
				CLANG_ENABLE_MODULES = YES;
				CLANG_ENABLE_OBJC_ARC = YES;
				CLANG_ENABLE_OBJC_WEAK = YES;
				CLANG_WARN_BLOCK_CAPTURE_AUTORELEASING = YES;
				CLANG_WARN_BOOL_CONVERSION = YES;
				CLANG_WARN_COMMA = YES;
				CLANG_WARN_CONSTANT_CONVERSION = YES;
				CLANG_WARN_DEPRECATED_OBJC_IMPLEMENTATIONS = YES;
				CLANG_WARN_DIRECT_OBJC_ISA_USAGE = YES_ERROR;
				CLANG_WARN_DOCUMENTATION_COMMENTS = YES;
				CLANG_WARN_EMPTY_BODY = YES;
				CLANG_WARN_ENUM_CONVERSION = YES;
				CLANG_WARN_INFINITE_RECURSION = YES;
				CLANG_WARN_INT_CONVERSION = YES;
				CLANG_WARN_NON_LITERAL_NULL_CONVERSION = YES;
				CLANG_WARN_OBJC_IMPLICIT_RETAIN_SELF = YES;
				CLANG_WARN_OBJC_LITERAL_CONVERSION = YES;
				CLANG_WARN_OBJC_ROOT_CLASS = YES_ERROR;
				CLANG_WARN_QUOTED_INCLUDE_IN_FRAMEWORK_HEADER = YES;
				CLANG_WARN_RANGE_LOOP_ANALYSIS = YES;
				CLANG_WARN_STRICT_PROTOTYPES = YES;
				CLANG_WARN_SUSPICIOUS_MOVE = YES;
				CLANG_WARN_UNGUARDED_AVAILABILITY = YES_AGGRESSIVE;
				CLANG_WARN_UNREACHABLE_CODE = YES;
				CLANG_WARN__DUPLICATE_METHOD_MATCH = YES;
				COPY_PHASE_STRIP = NO;
				DEBUG_INFORMATION_FORMAT = "dwarf-with-dsym";
				ENABLE_NS_ASSERTIONS = NO;
				ENABLE_STRICT_OBJC_MSGSEND = YES;
				GCC_C_LANGUAGE_STANDARD = gnu11;
				GCC_NO_COMMON_BLOCKS = YES;
				GCC_WARN_64_TO_32_BIT_CONVERSION = YES;
				GCC_WARN_ABOUT_RETURN_TYPE = YES_ERROR;
				GCC_WARN_UNDECLARED_SELECTOR = YES;
				GCC_WARN_UNINITIALIZED_AUTOS = YES_AGGRESSIVE;
				GCC_WARN_UNUSED_FUNCTION = YES;
				GCC_WARN_UNUSED_VARIABLE = YES;
				IPHONEOS_DEPLOYMENT_TARGET = 16.4;
				MTL_ENABLE_DEBUG_INFO = NO;
				MTL_FAST_MATH = YES;
				SDKROOT = iphoneos;
				SWIFT_COMPILATION_MODE = wholemodule;
				SWIFT_OPTIMIZATION_LEVEL = "-O";
				VALIDATE_PRODUCT = YES;
			};
			name = Release;
		};
		61814FAC2A6E6BD800BAD52E /* Debug */ = {
			isa = XCBuildConfiguration;
			baseConfigurationReference = AECE5B237AEF75F3018DEEF1 /* Pods-GifuTest.debug.xcconfig */;
			buildSettings = {
				ASSETCATALOG_COMPILER_APPICON_NAME = AppIcon;
				ASSETCATALOG_COMPILER_GLOBAL_ACCENT_COLOR_NAME = AccentColor;
				CODE_SIGN_STYLE = Automatic;
				CURRENT_PROJECT_VERSION = 1;
				DEVELOPMENT_TEAM = 53TT286T39;
				GENERATE_INFOPLIST_FILE = YES;
				INFOPLIST_FILE = GifuTest/Info.plist;
				INFOPLIST_KEY_UIApplicationSupportsIndirectInputEvents = YES;
				INFOPLIST_KEY_UILaunchStoryboardName = LaunchScreen;
				INFOPLIST_KEY_UIMainStoryboardFile = Main;
				INFOPLIST_KEY_UISupportedInterfaceOrientations_iPad = "UIInterfaceOrientationPortrait UIInterfaceOrientationPortraitUpsideDown UIInterfaceOrientationLandscapeLeft UIInterfaceOrientationLandscapeRight";
				INFOPLIST_KEY_UISupportedInterfaceOrientations_iPhone = "UIInterfaceOrientationPortrait UIInterfaceOrientationLandscapeLeft UIInterfaceOrientationLandscapeRight";
				LD_RUNPATH_SEARCH_PATHS = (
					"$(inherited)",
					"@executable_path/Frameworks",
				);
				MARKETING_VERSION = 1.0;
				PRODUCT_BUNDLE_IDENTIFIER = net.macnpc.GifuTest;
				PRODUCT_NAME = "$(TARGET_NAME)";
				SWIFT_EMIT_LOC_STRINGS = YES;
				SWIFT_VERSION = 5.0;
				TARGETED_DEVICE_FAMILY = "1,2";
			};
			name = Debug;
		};
		61814FAD2A6E6BD800BAD52E /* Release */ = {
			isa = XCBuildConfiguration;
			baseConfigurationReference = 1566525A056DD32D52C7DC39 /* Pods-GifuTest.release.xcconfig */;
			buildSettings = {
				ASSETCATALOG_COMPILER_APPICON_NAME = AppIcon;
				ASSETCATALOG_COMPILER_GLOBAL_ACCENT_COLOR_NAME = AccentColor;
				CODE_SIGN_STYLE = Automatic;
				CURRENT_PROJECT_VERSION = 1;
				DEVELOPMENT_TEAM = 53TT286T39;
				GENERATE_INFOPLIST_FILE = YES;
				INFOPLIST_FILE = GifuTest/Info.plist;
				INFOPLIST_KEY_UIApplicationSupportsIndirectInputEvents = YES;
				INFOPLIST_KEY_UILaunchStoryboardName = LaunchScreen;
				INFOPLIST_KEY_UIMainStoryboardFile = Main;
				INFOPLIST_KEY_UISupportedInterfaceOrientations_iPad = "UIInterfaceOrientationPortrait UIInterfaceOrientationPortraitUpsideDown UIInterfaceOrientationLandscapeLeft UIInterfaceOrientationLandscapeRight";
				INFOPLIST_KEY_UISupportedInterfaceOrientations_iPhone = "UIInterfaceOrientationPortrait UIInterfaceOrientationLandscapeLeft UIInterfaceOrientationLandscapeRight";
				LD_RUNPATH_SEARCH_PATHS = (
					"$(inherited)",
					"@executable_path/Frameworks",
				);
				MARKETING_VERSION = 1.0;
				PRODUCT_BUNDLE_IDENTIFIER = net.macnpc.GifuTest;
				PRODUCT_NAME = "$(TARGET_NAME)";
				SWIFT_EMIT_LOC_STRINGS = YES;
				SWIFT_VERSION = 5.0;
				TARGETED_DEVICE_FAMILY = "1,2";
			};
			name = Release;
		};
/* End XCBuildConfiguration section */

/* Begin XCConfigurationList section */
		61814F922A6E6BD600BAD52E /* Build configuration list for PBXProject "GifuTest" */ = {
			isa = XCConfigurationList;
			buildConfigurations = (
				61814FA92A6E6BD800BAD52E /* Debug */,
				61814FAA2A6E6BD800BAD52E /* Release */,
			);
			defaultConfigurationIsVisible = 0;
			defaultConfigurationName = Release;
		};
		61814FAB2A6E6BD800BAD52E /* Build configuration list for PBXNativeTarget "GifuTest" */ = {
			isa = XCConfigurationList;
			buildConfigurations = (
				61814FAC2A6E6BD800BAD52E /* Debug */,
				61814FAD2A6E6BD800BAD52E /* Release */,
			);
			defaultConfigurationIsVisible = 0;
			defaultConfigurationName = Release;
		};
/* End XCConfigurationList section */
	};
	rootObject = 61814F8F2A6E6BD600BAD52E /* Project object */;
}
